// !$*UTF8*$!
{
	archiveVersion = 1;
	classes = {
	};
	objectVersion = 55;
	objects = {

/* Begin PBXBuildFile section */
		8666D9EF283A45CE003A774C /* AppDelegate.swift in Sources */ = {isa = PBXBuildFile; fileRef = 8666D9EE283A45CE003A774C /* AppDelegate.swift */; };
		8666D9F1283A45CE003A774C /* SceneDelegate.swift in Sources */ = {isa = PBXBuildFile; fileRef = 8666D9F0283A45CE003A774C /* SceneDelegate.swift */; };
		8666D9F8283A45D1003A774C /* Assets.xcassets in Resources */ = {isa = PBXBuildFile; fileRef = 8666D9F7283A45D1003A774C /* Assets.xcassets */; };
		8666DA06283A45D1003A774C /* FootballTests.swift in Sources */ = {isa = PBXBuildFile; fileRef = 8666DA05283A45D1003A774C /* FootballTests.swift */; };
		8666DA10283A45D1003A774C /* FootballUITests.swift in Sources */ = {isa = PBXBuildFile; fileRef = 8666DA0F283A45D1003A774C /* FootballUITests.swift */; };
		8666DA12283A45D1003A774C /* FootballUITestsLaunchTests.swift in Sources */ = {isa = PBXBuildFile; fileRef = 8666DA11283A45D1003A774C /* FootballUITestsLaunchTests.swift */; };
		8666DA21283B6F64003A774C /* AllLeaguesView.swift in Sources */ = {isa = PBXBuildFile; fileRef = 8666DA20283B6F64003A774C /* AllLeaguesView.swift */; };
		8666DA27283BB347003A774C /* LeagueRow.swift in Sources */ = {isa = PBXBuildFile; fileRef = 8666DA26283BB347003A774C /* LeagueRow.swift */; };
		8666DA29283BB9AF003A774C /* ToolBar.swift in Sources */ = {isa = PBXBuildFile; fileRef = 8666DA28283BB9AF003A774C /* ToolBar.swift */; };
		8666DA2C283BBEC8003A774C /* SeasonsView.swift in Sources */ = {isa = PBXBuildFile; fileRef = 8666DA2B283BBEC8003A774C /* SeasonsView.swift */; };
		8666DA2E283BD72F003A774C /* SeasonCell.swift in Sources */ = {isa = PBXBuildFile; fileRef = 8666DA2D283BD72F003A774C /* SeasonCell.swift */; };
		8666DA30283BDE99003A774C /* SeasonHeader.swift in Sources */ = {isa = PBXBuildFile; fileRef = 8666DA2F283BDE99003A774C /* SeasonHeader.swift */; };
		8666DA32283BDF1A003A774C /* SortButton.swift in Sources */ = {isa = PBXBuildFile; fileRef = 8666DA31283BDF1A003A774C /* SortButton.swift */; };
		8666DA35283BDFBD003A774C /* NiblessNavigationController.swift in Sources */ = {isa = PBXBuildFile; fileRef = 8666DA34283BDFBD003A774C /* NiblessNavigationController.swift */; };
		8666DA37283BE06D003A774C /* MainViewController.swift in Sources */ = {isa = PBXBuildFile; fileRef = 8666DA36283BE06D003A774C /* MainViewController.swift */; };
		8666DA39283BE3AF003A774C /* AppDependancyContainer.swift in Sources */ = {isa = PBXBuildFile; fileRef = 8666DA38283BE3AF003A774C /* AppDependancyContainer.swift */; };
		8666DA3C283C045C003A774C /* StandingsView.swift in Sources */ = {isa = PBXBuildFile; fileRef = 8666DA3B283C045C003A774C /* StandingsView.swift */; };
		8666DA3F283C0506003A774C /* League+Extension.swift in Sources */ = {isa = PBXBuildFile; fileRef = 8666DA3E283C0506003A774C /* League+Extension.swift */; };
		8666DA41283C0584003A774C /* Season+Extension.swift in Sources */ = {isa = PBXBuildFile; fileRef = 8666DA40283C0584003A774C /* Season+Extension.swift */; };
		8666DA43283C0673003A774C /* StandingsHeader.swift in Sources */ = {isa = PBXBuildFile; fileRef = 8666DA42283C0673003A774C /* StandingsHeader.swift */; };
		867543AF283C800B002364DD /* Color+Extension.swift in Sources */ = {isa = PBXBuildFile; fileRef = 867543AE283C800B002364DD /* Color+Extension.swift */; };
		867543B1283C8D2F002364DD /* Array+Extension.swift in Sources */ = {isa = PBXBuildFile; fileRef = 867543B0283C8D2F002364DD /* Array+Extension.swift */; };
		867543B3283C9DA0002364DD /* StandingRow.swift in Sources */ = {isa = PBXBuildFile; fileRef = 867543B2283C9DA0002364DD /* StandingRow.swift */; };
		86FC7290283CC7FB0058B5FF /* Core in Resources */ = {isa = PBXBuildFile; fileRef = 86FC728F283CC7FB0058B5FF /* Core */; };
		86FC7292283CC8100058B5FF /* Core in Frameworks */ = {isa = PBXBuildFile; productRef = 86FC7291283CC8100058B5FF /* Core */; };
/* End PBXBuildFile section */

/* Begin PBXContainerItemProxy section */
		8666DA02283A45D1003A774C /* PBXContainerItemProxy */ = {
			isa = PBXContainerItemProxy;
			containerPortal = 8666D9E3283A45CE003A774C /* Project object */;
			proxyType = 1;
			remoteGlobalIDString = 8666D9EA283A45CE003A774C;
			remoteInfo = Football;
		};
		8666DA0C283A45D1003A774C /* PBXContainerItemProxy */ = {
			isa = PBXContainerItemProxy;
			containerPortal = 8666D9E3283A45CE003A774C /* Project object */;
			proxyType = 1;
			remoteGlobalIDString = 8666D9EA283A45CE003A774C;
			remoteInfo = Football;
		};
/* End PBXContainerItemProxy section */

/* Begin PBXFileReference section */
		8666D9EB283A45CE003A774C /* Football.app */ = {isa = PBXFileReference; explicitFileType = wrapper.application; includeInIndex = 0; path = Football.app; sourceTree = BUILT_PRODUCTS_DIR; };
		8666D9EE283A45CE003A774C /* AppDelegate.swift */ = {isa = PBXFileReference; lastKnownFileType = sourcecode.swift; path = AppDelegate.swift; sourceTree = "<group>"; };
		8666D9F0283A45CE003A774C /* SceneDelegate.swift */ = {isa = PBXFileReference; lastKnownFileType = sourcecode.swift; path = SceneDelegate.swift; sourceTree = "<group>"; };
		8666D9F7283A45D1003A774C /* Assets.xcassets */ = {isa = PBXFileReference; lastKnownFileType = folder.assetcatalog; path = Assets.xcassets; sourceTree = "<group>"; };
		8666D9FC283A45D1003A774C /* Info.plist */ = {isa = PBXFileReference; lastKnownFileType = text.plist.xml; path = Info.plist; sourceTree = "<group>"; };
		8666DA01283A45D1003A774C /* FootballTests.xctest */ = {isa = PBXFileReference; explicitFileType = wrapper.cfbundle; includeInIndex = 0; path = FootballTests.xctest; sourceTree = BUILT_PRODUCTS_DIR; };
		8666DA05283A45D1003A774C /* FootballTests.swift */ = {isa = PBXFileReference; lastKnownFileType = sourcecode.swift; path = FootballTests.swift; sourceTree = "<group>"; };
		8666DA0B283A45D1003A774C /* FootballUITests.xctest */ = {isa = PBXFileReference; explicitFileType = wrapper.cfbundle; includeInIndex = 0; path = FootballUITests.xctest; sourceTree = BUILT_PRODUCTS_DIR; };
		8666DA0F283A45D1003A774C /* FootballUITests.swift */ = {isa = PBXFileReference; lastKnownFileType = sourcecode.swift; path = FootballUITests.swift; sourceTree = "<group>"; };
		8666DA11283A45D1003A774C /* FootballUITestsLaunchTests.swift */ = {isa = PBXFileReference; lastKnownFileType = sourcecode.swift; path = FootballUITestsLaunchTests.swift; sourceTree = "<group>"; };
		8666DA20283B6F64003A774C /* AllLeaguesView.swift */ = {isa = PBXFileReference; lastKnownFileType = sourcecode.swift; path = AllLeaguesView.swift; sourceTree = "<group>"; };
		8666DA26283BB347003A774C /* LeagueRow.swift */ = {isa = PBXFileReference; lastKnownFileType = sourcecode.swift; path = LeagueRow.swift; sourceTree = "<group>"; };
		8666DA28283BB9AF003A774C /* ToolBar.swift */ = {isa = PBXFileReference; lastKnownFileType = sourcecode.swift; path = ToolBar.swift; sourceTree = "<group>"; };
		8666DA2B283BBEC8003A774C /* SeasonsView.swift */ = {isa = PBXFileReference; lastKnownFileType = sourcecode.swift; path = SeasonsView.swift; sourceTree = "<group>"; };
		8666DA2D283BD72F003A774C /* SeasonCell.swift */ = {isa = PBXFileReference; lastKnownFileType = sourcecode.swift; path = SeasonCell.swift; sourceTree = "<group>"; };
		8666DA2F283BDE99003A774C /* SeasonHeader.swift */ = {isa = PBXFileReference; lastKnownFileType = sourcecode.swift; path = SeasonHeader.swift; sourceTree = "<group>"; };
		8666DA31283BDF1A003A774C /* SortButton.swift */ = {isa = PBXFileReference; lastKnownFileType = sourcecode.swift; path = SortButton.swift; sourceTree = "<group>"; };
		8666DA34283BDFBD003A774C /* NiblessNavigationController.swift */ = {isa = PBXFileReference; lastKnownFileType = sourcecode.swift; path = NiblessNavigationController.swift; sourceTree = "<group>"; };
		8666DA36283BE06D003A774C /* MainViewController.swift */ = {isa = PBXFileReference; lastKnownFileType = sourcecode.swift; path = MainViewController.swift; sourceTree = "<group>"; };
		8666DA38283BE3AF003A774C /* AppDependancyContainer.swift */ = {isa = PBXFileReference; lastKnownFileType = sourcecode.swift; path = AppDependancyContainer.swift; sourceTree = "<group>"; };
		8666DA3B283C045C003A774C /* StandingsView.swift */ = {isa = PBXFileReference; lastKnownFileType = sourcecode.swift; path = StandingsView.swift; sourceTree = "<group>"; };
		8666DA3E283C0506003A774C /* League+Extension.swift */ = {isa = PBXFileReference; lastKnownFileType = sourcecode.swift; path = "League+Extension.swift"; sourceTree = "<group>"; };
		8666DA40283C0584003A774C /* Season+Extension.swift */ = {isa = PBXFileReference; lastKnownFileType = sourcecode.swift; path = "Season+Extension.swift"; sourceTree = "<group>"; };
		8666DA42283C0673003A774C /* StandingsHeader.swift */ = {isa = PBXFileReference; lastKnownFileType = sourcecode.swift; path = StandingsHeader.swift; sourceTree = "<group>"; };
		867543AE283C800B002364DD /* Color+Extension.swift */ = {isa = PBXFileReference; lastKnownFileType = sourcecode.swift; path = "Color+Extension.swift"; sourceTree = "<group>"; };
		867543B0283C8D2F002364DD /* Array+Extension.swift */ = {isa = PBXFileReference; lastKnownFileType = sourcecode.swift; path = "Array+Extension.swift"; sourceTree = "<group>"; };
		867543B2283C9DA0002364DD /* StandingRow.swift */ = {isa = PBXFileReference; lastKnownFileType = sourcecode.swift; path = StandingRow.swift; sourceTree = "<group>"; };
		86FC728F283CC7FB0058B5FF /* Core */ = {isa = PBXFileReference; lastKnownFileType = wrapper; path = Core; sourceTree = "<group>"; };
/* End PBXFileReference section */

/* Begin PBXFrameworksBuildPhase section */
		8666D9E8283A45CE003A774C /* Frameworks */ = {
			isa = PBXFrameworksBuildPhase;
			buildActionMask = 2147483647;
			files = (
				86FC7292283CC8100058B5FF /* Core in Frameworks */,
			);
			runOnlyForDeploymentPostprocessing = 0;
		};
		8666D9FE283A45D1003A774C /* Frameworks */ = {
			isa = PBXFrameworksBuildPhase;
			buildActionMask = 2147483647;
			files = (
			);
			runOnlyForDeploymentPostprocessing = 0;
		};
		8666DA08283A45D1003A774C /* Frameworks */ = {
			isa = PBXFrameworksBuildPhase;
			buildActionMask = 2147483647;
			files = (
			);
			runOnlyForDeploymentPostprocessing = 0;
		};
/* End PBXFrameworksBuildPhase section */

/* Begin PBXGroup section */
		8666D9E2283A45CE003A774C = {
			isa = PBXGroup;
			children = (
				86FC728F283CC7FB0058B5FF /* Core */,
				8666D9ED283A45CE003A774C /* Football */,
				8666DA04283A45D1003A774C /* FootballTests */,
				8666DA0E283A45D1003A774C /* FootballUITests */,
				8666D9EC283A45CE003A774C /* Products */,
				8666DA22283B6FA0003A774C /* Frameworks */,
			);
			sourceTree = "<group>";
		};
		8666D9EC283A45CE003A774C /* Products */ = {
			isa = PBXGroup;
			children = (
				8666D9EB283A45CE003A774C /* Football.app */,
				8666DA01283A45D1003A774C /* FootballTests.xctest */,
				8666DA0B283A45D1003A774C /* FootballUITests.xctest */,
			);
			name = Products;
			sourceTree = "<group>";
		};
		8666D9ED283A45CE003A774C /* Football */ = {
			isa = PBXGroup;
			children = (
				8666DA33283BDF8D003A774C /* Helpers */,
				8666DA1F283B6DF3003A774C /* Views */,
				8666D9EE283A45CE003A774C /* AppDelegate.swift */,
				8666D9F0283A45CE003A774C /* SceneDelegate.swift */,
				8666DA38283BE3AF003A774C /* AppDependancyContainer.swift */,
				8666DA36283BE06D003A774C /* MainViewController.swift */,
				8666D9F7283A45D1003A774C /* Assets.xcassets */,
				8666D9FC283A45D1003A774C /* Info.plist */,
			);
			path = Football;
			sourceTree = "<group>";
		};
		8666DA04283A45D1003A774C /* FootballTests */ = {
			isa = PBXGroup;
			children = (
				8666DA05283A45D1003A774C /* FootballTests.swift */,
			);
			path = FootballTests;
			sourceTree = "<group>";
		};
		8666DA0E283A45D1003A774C /* FootballUITests */ = {
			isa = PBXGroup;
			children = (
				8666DA0F283A45D1003A774C /* FootballUITests.swift */,
				8666DA11283A45D1003A774C /* FootballUITestsLaunchTests.swift */,
			);
			path = FootballUITests;
			sourceTree = "<group>";
		};
		8666DA1F283B6DF3003A774C /* Views */ = {
			isa = PBXGroup;
			children = (
				8666DA3A283C0447003A774C /* Standings */,
				8666DA2A283BBEA9003A774C /* Season */,
				8666DA25283B6FFB003A774C /* Leagues */,
			);
			path = Views;
			sourceTree = "<group>";
		};
		8666DA22283B6FA0003A774C /* Frameworks */ = {
			isa = PBXGroup;
			children = (
			);
			name = Frameworks;
			sourceTree = "<group>";
		};
		8666DA25283B6FFB003A774C /* Leagues */ = {
			isa = PBXGroup;
			children = (
				8666DA20283B6F64003A774C /* AllLeaguesView.swift */,
				8666DA26283BB347003A774C /* LeagueRow.swift */,
				8666DA28283BB9AF003A774C /* ToolBar.swift */,
			);
			path = Leagues;
			sourceTree = "<group>";
		};
		8666DA2A283BBEA9003A774C /* Season */ = {
			isa = PBXGroup;
			children = (
				8666DA2B283BBEC8003A774C /* SeasonsView.swift */,
				8666DA2D283BD72F003A774C /* SeasonCell.swift */,
				8666DA2F283BDE99003A774C /* SeasonHeader.swift */,
				8666DA31283BDF1A003A774C /* SortButton.swift */,
			);
			path = Season;
			sourceTree = "<group>";
		};
		8666DA33283BDF8D003A774C /* Helpers */ = {
			isa = PBXGroup;
			children = (
				8666DA3D283C04D5003A774C /* Extensions */,
				8666DA34283BDFBD003A774C /* NiblessNavigationController.swift */,
			);
			path = Helpers;
			sourceTree = "<group>";
		};
		8666DA3A283C0447003A774C /* Standings */ = {
			isa = PBXGroup;
			children = (
				8666DA3B283C045C003A774C /* StandingsView.swift */,
				8666DA42283C0673003A774C /* StandingsHeader.swift */,
				867543B2283C9DA0002364DD /* StandingRow.swift */,
			);
			path = Standings;
			sourceTree = "<group>";
		};
		8666DA3D283C04D5003A774C /* Extensions */ = {
			isa = PBXGroup;
			children = (
				8666DA3E283C0506003A774C /* League+Extension.swift */,
				8666DA40283C0584003A774C /* Season+Extension.swift */,
				867543AE283C800B002364DD /* Color+Extension.swift */,
				867543B0283C8D2F002364DD /* Array+Extension.swift */,
			);
			path = Extensions;
			sourceTree = "<group>";
		};
/* End PBXGroup section */

/* Begin PBXNativeTarget section */
		8666D9EA283A45CE003A774C /* Football */ = {
			isa = PBXNativeTarget;
			buildConfigurationList = 8666DA15283A45D1003A774C /* Build configuration list for PBXNativeTarget "Football" */;
			buildPhases = (
				8666D9E7283A45CE003A774C /* Sources */,
				8666D9E8283A45CE003A774C /* Frameworks */,
				8666D9E9283A45CE003A774C /* Resources */,
			);
			buildRules = (
			);
			dependencies = (
			);
			name = Football;
			packageProductDependencies = (
				86FC7291283CC8100058B5FF /* Core */,
			);
			productName = Football;
			productReference = 8666D9EB283A45CE003A774C /* Football.app */;
			productType = "com.apple.product-type.application";
		};
		8666DA00283A45D1003A774C /* FootballTests */ = {
			isa = PBXNativeTarget;
			buildConfigurationList = 8666DA18283A45D1003A774C /* Build configuration list for PBXNativeTarget "FootballTests" */;
			buildPhases = (
				8666D9FD283A45D1003A774C /* Sources */,
				8666D9FE283A45D1003A774C /* Frameworks */,
				8666D9FF283A45D1003A774C /* Resources */,
			);
			buildRules = (
			);
			dependencies = (
				8666DA03283A45D1003A774C /* PBXTargetDependency */,
			);
			name = FootballTests;
			productName = FootballTests;
			productReference = 8666DA01283A45D1003A774C /* FootballTests.xctest */;
			productType = "com.apple.product-type.bundle.unit-test";
		};
		8666DA0A283A45D1003A774C /* FootballUITests */ = {
			isa = PBXNativeTarget;
			buildConfigurationList = 8666DA1B283A45D1003A774C /* Build configuration list for PBXNativeTarget "FootballUITests" */;
			buildPhases = (
				8666DA07283A45D1003A774C /* Sources */,
				8666DA08283A45D1003A774C /* Frameworks */,
				8666DA09283A45D1003A774C /* Resources */,
			);
			buildRules = (
			);
			dependencies = (
				8666DA0D283A45D1003A774C /* PBXTargetDependency */,
			);
			name = FootballUITests;
			productName = FootballUITests;
			productReference = 8666DA0B283A45D1003A774C /* FootballUITests.xctest */;
			productType = "com.apple.product-type.bundle.ui-testing";
		};
/* End PBXNativeTarget section */

/* Begin PBXProject section */
		8666D9E3283A45CE003A774C /* Project object */ = {
			isa = PBXProject;
			attributes = {
				BuildIndependentTargetsInParallel = 1;
				LastSwiftUpdateCheck = 1340;
				LastUpgradeCheck = 1340;
				TargetAttributes = {
					8666D9EA283A45CE003A774C = {
						CreatedOnToolsVersion = 13.4;
					};
					8666DA00283A45D1003A774C = {
						CreatedOnToolsVersion = 13.4;
						TestTargetID = 8666D9EA283A45CE003A774C;
					};
					8666DA0A283A45D1003A774C = {
						CreatedOnToolsVersion = 13.4;
						TestTargetID = 8666D9EA283A45CE003A774C;
					};
				};
			};
			buildConfigurationList = 8666D9E6283A45CE003A774C /* Build configuration list for PBXProject "Football" */;
			compatibilityVersion = "Xcode 13.0";
			developmentRegion = en;
			hasScannedForEncodings = 0;
			knownRegions = (
				en,
				Base,
			);
			mainGroup = 8666D9E2283A45CE003A774C;
			productRefGroup = 8666D9EC283A45CE003A774C /* Products */;
			projectDirPath = "";
			projectRoot = "";
			targets = (
				8666D9EA283A45CE003A774C /* Football */,
				8666DA00283A45D1003A774C /* FootballTests */,
				8666DA0A283A45D1003A774C /* FootballUITests */,
			);
		};
/* End PBXProject section */

/* Begin PBXResourcesBuildPhase section */
		8666D9E9283A45CE003A774C /* Resources */ = {
			isa = PBXResourcesBuildPhase;
			buildActionMask = 2147483647;
			files = (
				8666D9F8283A45D1003A774C /* Assets.xcassets in Resources */,
				86FC7290283CC7FB0058B5FF /* Core in Resources */,
			);
			runOnlyForDeploymentPostprocessing = 0;
		};
		8666D9FF283A45D1003A774C /* Resources */ = {
			isa = PBXResourcesBuildPhase;
			buildActionMask = 2147483647;
			files = (
			);
			runOnlyForDeploymentPostprocessing = 0;
		};
		8666DA09283A45D1003A774C /* Resources */ = {
			isa = PBXResourcesBuildPhase;
			buildActionMask = 2147483647;
			files = (
			);
			runOnlyForDeploymentPostprocessing = 0;
		};
/* End PBXResourcesBuildPhase section */

/* Begin PBXSourcesBuildPhase section */
		8666D9E7283A45CE003A774C /* Sources */ = {
			isa = PBXSourcesBuildPhase;
			buildActionMask = 2147483647;
			files = (
				8666D9EF283A45CE003A774C /* AppDelegate.swift in Sources */,
				8666DA37283BE06D003A774C /* MainViewController.swift in Sources */,
				8666DA2E283BD72F003A774C /* SeasonCell.swift in Sources */,
				867543B3283C9DA0002364DD /* StandingRow.swift in Sources */,
				867543B1283C8D2F002364DD /* Array+Extension.swift in Sources */,
				8666DA27283BB347003A774C /* LeagueRow.swift in Sources */,
				8666DA43283C0673003A774C /* StandingsHeader.swift in Sources */,
				8666DA29283BB9AF003A774C /* ToolBar.swift in Sources */,
				8666DA3C283C045C003A774C /* StandingsView.swift in Sources */,
				8666DA41283C0584003A774C /* Season+Extension.swift in Sources */,
				8666DA2C283BBEC8003A774C /* SeasonsView.swift in Sources */,
				8666DA21283B6F64003A774C /* AllLeaguesView.swift in Sources */,
				8666DA3F283C0506003A774C /* League+Extension.swift in Sources */,
				8666DA35283BDFBD003A774C /* NiblessNavigationController.swift in Sources */,
				8666D9F1283A45CE003A774C /* SceneDelegate.swift in Sources */,
				8666DA32283BDF1A003A774C /* SortButton.swift in Sources */,
				867543AF283C800B002364DD /* Color+Extension.swift in Sources */,
				8666DA39283BE3AF003A774C /* AppDependancyContainer.swift in Sources */,
				8666DA30283BDE99003A774C /* SeasonHeader.swift in Sources */,
			);
			runOnlyForDeploymentPostprocessing = 0;
		};
		8666D9FD283A45D1003A774C /* Sources */ = {
			isa = PBXSourcesBuildPhase;
			buildActionMask = 2147483647;
			files = (
				8666DA06283A45D1003A774C /* FootballTests.swift in Sources */,
			);
			runOnlyForDeploymentPostprocessing = 0;
		};
		8666DA07283A45D1003A774C /* Sources */ = {
			isa = PBXSourcesBuildPhase;
			buildActionMask = 2147483647;
			files = (
				8666DA12283A45D1003A774C /* FootballUITestsLaunchTests.swift in Sources */,
				8666DA10283A45D1003A774C /* FootballUITests.swift in Sources */,
			);
			runOnlyForDeploymentPostprocessing = 0;
		};
/* End PBXSourcesBuildPhase section */

/* Begin PBXTargetDependency section */
		8666DA03283A45D1003A774C /* PBXTargetDependency */ = {
			isa = PBXTargetDependency;
			target = 8666D9EA283A45CE003A774C /* Football */;
			targetProxy = 8666DA02283A45D1003A774C /* PBXContainerItemProxy */;
		};
		8666DA0D283A45D1003A774C /* PBXTargetDependency */ = {
			isa = PBXTargetDependency;
			target = 8666D9EA283A45CE003A774C /* Football */;
			targetProxy = 8666DA0C283A45D1003A774C /* PBXContainerItemProxy */;
		};
/* End PBXTargetDependency section */

/* Begin XCBuildConfiguration section */
		8666DA13283A45D1003A774C /* Debug */ = {
			isa = XCBuildConfiguration;
			buildSettings = {
				ALWAYS_SEARCH_USER_PATHS = NO;
				CLANG_ANALYZER_NONNULL = YES;
				CLANG_ANALYZER_NUMBER_OBJECT_CONVERSION = YES_AGGRESSIVE;
				CLANG_CXX_LANGUAGE_STANDARD = "gnu++17";
				CLANG_ENABLE_MODULES = YES;
				CLANG_ENABLE_OBJC_ARC = YES;
				CLANG_ENABLE_OBJC_WEAK = YES;
				CLANG_WARN_BLOCK_CAPTURE_AUTORELEASING = YES;
				CLANG_WARN_BOOL_CONVERSION = YES;
				CLANG_WARN_COMMA = YES;
				CLANG_WARN_CONSTANT_CONVERSION = YES;
				CLANG_WARN_DEPRECATED_OBJC_IMPLEMENTATIONS = YES;
				CLANG_WARN_DIRECT_OBJC_ISA_USAGE = YES_ERROR;
				CLANG_WARN_DOCUMENTATION_COMMENTS = YES;
				CLANG_WARN_EMPTY_BODY = YES;
				CLANG_WARN_ENUM_CONVERSION = YES;
				CLANG_WARN_INFINITE_RECURSION = YES;
				CLANG_WARN_INT_CONVERSION = YES;
				CLANG_WARN_NON_LITERAL_NULL_CONVERSION = YES;
				CLANG_WARN_OBJC_IMPLICIT_RETAIN_SELF = YES;
				CLANG_WARN_OBJC_LITERAL_CONVERSION = YES;
				CLANG_WARN_OBJC_ROOT_CLASS = YES_ERROR;
				CLANG_WARN_QUOTED_INCLUDE_IN_FRAMEWORK_HEADER = YES;
				CLANG_WARN_RANGE_LOOP_ANALYSIS = YES;
				CLANG_WARN_STRICT_PROTOTYPES = YES;
				CLANG_WARN_SUSPICIOUS_MOVE = YES;
				CLANG_WARN_UNGUARDED_AVAILABILITY = YES_AGGRESSIVE;
				CLANG_WARN_UNREACHABLE_CODE = YES;
				CLANG_WARN__DUPLICATE_METHOD_MATCH = YES;
				COPY_PHASE_STRIP = NO;
				DEBUG_INFORMATION_FORMAT = dwarf;
				ENABLE_STRICT_OBJC_MSGSEND = YES;
				ENABLE_TESTABILITY = YES;
				GCC_C_LANGUAGE_STANDARD = gnu11;
				GCC_DYNAMIC_NO_PIC = NO;
				GCC_NO_COMMON_BLOCKS = YES;
				GCC_OPTIMIZATION_LEVEL = 0;
				GCC_PREPROCESSOR_DEFINITIONS = (
					"DEBUG=1",
					"$(inherited)",
				);
				GCC_WARN_64_TO_32_BIT_CONVERSION = YES;
				GCC_WARN_ABOUT_RETURN_TYPE = YES_ERROR;
				GCC_WARN_UNDECLARED_SELECTOR = YES;
				GCC_WARN_UNINITIALIZED_AUTOS = YES_AGGRESSIVE;
				GCC_WARN_UNUSED_FUNCTION = YES;
				GCC_WARN_UNUSED_VARIABLE = YES;
				IPHONEOS_DEPLOYMENT_TARGET = 15.4;
				MTL_ENABLE_DEBUG_INFO = INCLUDE_SOURCE;
				MTL_FAST_MATH = YES;
				ONLY_ACTIVE_ARCH = YES;
				SDKROOT = iphoneos;
				SWIFT_ACTIVE_COMPILATION_CONDITIONS = DEBUG;
				SWIFT_OPTIMIZATION_LEVEL = "-Onone";
			};
			name = Debug;
		};
		8666DA14283A45D1003A774C /* Release */ = {
			isa = XCBuildConfiguration;
			buildSettings = {
				ALWAYS_SEARCH_USER_PATHS = NO;
				CLANG_ANALYZER_NONNULL = YES;
				CLANG_ANALYZER_NUMBER_OBJECT_CONVERSION = YES_AGGRESSIVE;
				CLANG_CXX_LANGUAGE_STANDARD = "gnu++17";
				CLANG_ENABLE_MODULES = YES;
				CLANG_ENABLE_OBJC_ARC = YES;
				CLANG_ENABLE_OBJC_WEAK = YES;
				CLANG_WARN_BLOCK_CAPTURE_AUTORELEASING = YES;
				CLANG_WARN_BOOL_CONVERSION = YES;
				CLANG_WARN_COMMA = YES;
				CLANG_WARN_CONSTANT_CONVERSION = YES;
				CLANG_WARN_DEPRECATED_OBJC_IMPLEMENTATIONS = YES;
				CLANG_WARN_DIRECT_OBJC_ISA_USAGE = YES_ERROR;
				CLANG_WARN_DOCUMENTATION_COMMENTS = YES;
				CLANG_WARN_EMPTY_BODY = YES;
				CLANG_WARN_ENUM_CONVERSION = YES;
				CLANG_WARN_INFINITE_RECURSION = YES;
				CLANG_WARN_INT_CONVERSION = YES;
				CLANG_WARN_NON_LITERAL_NULL_CONVERSION = YES;
				CLANG_WARN_OBJC_IMPLICIT_RETAIN_SELF = YES;
				CLANG_WARN_OBJC_LITERAL_CONVERSION = YES;
				CLANG_WARN_OBJC_ROOT_CLASS = YES_ERROR;
				CLANG_WARN_QUOTED_INCLUDE_IN_FRAMEWORK_HEADER = YES;
				CLANG_WARN_RANGE_LOOP_ANALYSIS = YES;
				CLANG_WARN_STRICT_PROTOTYPES = YES;
				CLANG_WARN_SUSPICIOUS_MOVE = YES;
				CLANG_WARN_UNGUARDED_AVAILABILITY = YES_AGGRESSIVE;
				CLANG_WARN_UNREACHABLE_CODE = YES;
				CLANG_WARN__DUPLICATE_METHOD_MATCH = YES;
				COPY_PHASE_STRIP = NO;
				DEBUG_INFORMATION_FORMAT = "dwarf-with-dsym";
				ENABLE_NS_ASSERTIONS = NO;
				ENABLE_STRICT_OBJC_MSGSEND = YES;
				GCC_C_LANGUAGE_STANDARD = gnu11;
				GCC_NO_COMMON_BLOCKS = YES;
				GCC_WARN_64_TO_32_BIT_CONVERSION = YES;
				GCC_WARN_ABOUT_RETURN_TYPE = YES_ERROR;
				GCC_WARN_UNDECLARED_SELECTOR = YES;
				GCC_WARN_UNINITIALIZED_AUTOS = YES_AGGRESSIVE;
				GCC_WARN_UNUSED_FUNCTION = YES;
				GCC_WARN_UNUSED_VARIABLE = YES;
				IPHONEOS_DEPLOYMENT_TARGET = 15.4;
				MTL_ENABLE_DEBUG_INFO = NO;
				MTL_FAST_MATH = YES;
				SDKROOT = iphoneos;
				SWIFT_COMPILATION_MODE = wholemodule;
				SWIFT_OPTIMIZATION_LEVEL = "-O";
				VALIDATE_PRODUCT = YES;
			};
			name = Release;
		};
		8666DA16283A45D1003A774C /* Debug */ = {
			isa = XCBuildConfiguration;
			buildSettings = {
				ASSETCATALOG_COMPILER_APPICON_NAME = AppIcon;
				ASSETCATALOG_COMPILER_GLOBAL_ACCENT_COLOR_NAME = AccentColor;
				CODE_SIGN_STYLE = Automatic;
				CURRENT_PROJECT_VERSION = 1;
				DEVELOPMENT_TEAM = H5KMAH689C;
				GENERATE_INFOPLIST_FILE = YES;
				INFOPLIST_FILE = Football/Info.plist;
				INFOPLIST_KEY_UIApplicationSupportsIndirectInputEvents = YES;
				INFOPLIST_KEY_UISupportedInterfaceOrientations_iPad = "UIInterfaceOrientationPortrait UIInterfaceOrientationPortraitUpsideDown UIInterfaceOrientationLandscapeLeft UIInterfaceOrientationLandscapeRight";
				INFOPLIST_KEY_UISupportedInterfaceOrientations_iPhone = "UIInterfaceOrientationPortrait UIInterfaceOrientationLandscapeLeft UIInterfaceOrientationLandscapeRight";
				LD_RUNPATH_SEARCH_PATHS = (
					"$(inherited)",
					"@executable_path/Frameworks",
				);
				MARKETING_VERSION = 1.0;
				PRODUCT_BUNDLE_IDENTIFIER = com.visualApp.Football;
				PRODUCT_NAME = "$(TARGET_NAME)";
				SWIFT_EMIT_LOC_STRINGS = YES;
				SWIFT_VERSION = 5.0;
				TARGETED_DEVICE_FAMILY = "1,2";
			};
			name = Debug;
		};
		8666DA17283A45D1003A774C /* Release */ = {
			isa = XCBuildConfiguration;
			buildSettings = {
				ASSETCATALOG_COMPILER_APPICON_NAME = AppIcon;
				ASSETCATALOG_COMPILER_GLOBAL_ACCENT_COLOR_NAME = AccentColor;
				CODE_SIGN_STYLE = Automatic;
				CURRENT_PROJECT_VERSION = 1;
				DEVELOPMENT_TEAM = H5KMAH689C;
				GENERATE_INFOPLIST_FILE = YES;
				INFOPLIST_FILE = Football/Info.plist;
				INFOPLIST_KEY_UIApplicationSupportsIndirectInputEvents = YES;
				INFOPLIST_KEY_UISupportedInterfaceOrientations_iPad = "UIInterfaceOrientationPortrait UIInterfaceOrientationPortraitUpsideDown UIInterfaceOrientationLandscapeLeft UIInterfaceOrientationLandscapeRight";
				INFOPLIST_KEY_UISupportedInterfaceOrientations_iPhone = "UIInterfaceOrientationPortrait UIInterfaceOrientationLandscapeLeft UIInterfaceOrientationLandscapeRight";
				LD_RUNPATH_SEARCH_PATHS = (
					"$(inherited)",
					"@executable_path/Frameworks",
				);
				MARKETING_VERSION = 1.0;
				PRODUCT_BUNDLE_IDENTIFIER = com.visualApp.Football;
				PRODUCT_NAME = "$(TARGET_NAME)";
				SWIFT_EMIT_LOC_STRINGS = YES;
				SWIFT_VERSION = 5.0;
				TARGETED_DEVICE_FAMILY = "1,2";
			};
			name = Release;
		};
		8666DA19283A45D1003A774C /* Debug */ = {
			isa = XCBuildConfiguration;
			buildSettings = {
				ALWAYS_EMBED_SWIFT_STANDARD_LIBRARIES = YES;
				BUNDLE_LOADER = "$(TEST_HOST)";
				CODE_SIGN_STYLE = Automatic;
				CURRENT_PROJECT_VERSION = 1;
				DEVELOPMENT_TEAM = H5KMAH689C;
				GENERATE_INFOPLIST_FILE = YES;
				IPHONEOS_DEPLOYMENT_TARGET = 15.5;
				MARKETING_VERSION = 1.0;
				PRODUCT_BUNDLE_IDENTIFIER = com.visualApp.FootballTests;
				PRODUCT_NAME = "$(TARGET_NAME)";
				SWIFT_EMIT_LOC_STRINGS = NO;
				SWIFT_VERSION = 5.0;
				TARGETED_DEVICE_FAMILY = "1,2";
				TEST_HOST = "$(BUILT_PRODUCTS_DIR)/Football.app/Football";
			};
			name = Debug;
		};
		8666DA1A283A45D1003A774C /* Release */ = {
			isa = XCBuildConfiguration;
			buildSettings = {
				ALWAYS_EMBED_SWIFT_STANDARD_LIBRARIES = YES;
				BUNDLE_LOADER = "$(TEST_HOST)";
				CODE_SIGN_STYLE = Automatic;
				CURRENT_PROJECT_VERSION = 1;
				DEVELOPMENT_TEAM = H5KMAH689C;
				GENERATE_INFOPLIST_FILE = YES;
				IPHONEOS_DEPLOYMENT_TARGET = 15.5;
				MARKETING_VERSION = 1.0;
				PRODUCT_BUNDLE_IDENTIFIER = com.visualApp.FootballTests;
				PRODUCT_NAME = "$(TARGET_NAME)";
				SWIFT_EMIT_LOC_STRINGS = NO;
				SWIFT_VERSION = 5.0;
				TARGETED_DEVICE_FAMILY = "1,2";
				TEST_HOST = "$(BUILT_PRODUCTS_DIR)/Football.app/Football";
			};
			name = Release;
		};
		8666DA1C283A45D1003A774C /* Debug */ = {
			isa = XCBuildConfiguration;
			buildSettings = {
				ALWAYS_EMBED_SWIFT_STANDARD_LIBRARIES = YES;
				CODE_SIGN_STYLE = Automatic;
				CURRENT_PROJECT_VERSION = 1;
				DEVELOPMENT_TEAM = H5KMAH689C;
				GENERATE_INFOPLIST_FILE = YES;
				MARKETING_VERSION = 1.0;
				PRODUCT_BUNDLE_IDENTIFIER = com.visualApp.FootballUITests;
				PRODUCT_NAME = "$(TARGET_NAME)";
				SWIFT_EMIT_LOC_STRINGS = NO;
				SWIFT_VERSION = 5.0;
				TARGETED_DEVICE_FAMILY = "1,2";
				TEST_TARGET_NAME = Football;
			};
			name = Debug;
		};
		8666DA1D283A45D1003A774C /* Release */ = {
			isa = XCBuildConfiguration;
			buildSettings = {
				ALWAYS_EMBED_SWIFT_STANDARD_LIBRARIES = YES;
				CODE_SIGN_STYLE = Automatic;
				CURRENT_PROJECT_VERSION = 1;
				DEVELOPMENT_TEAM = H5KMAH689C;
				GENERATE_INFOPLIST_FILE = YES;
				MARKETING_VERSION = 1.0;
				PRODUCT_BUNDLE_IDENTIFIER = com.visualApp.FootballUITests;
				PRODUCT_NAME = "$(TARGET_NAME)";
				SWIFT_EMIT_LOC_STRINGS = NO;
				SWIFT_VERSION = 5.0;
				TARGETED_DEVICE_FAMILY = "1,2";
				TEST_TARGET_NAME = Football;
			};
			name = Release;
		};
/* End XCBuildConfiguration section */

/* Begin XCConfigurationList section */
		8666D9E6283A45CE003A774C /* Build configuration list for PBXProject "Football" */ = {
			isa = XCConfigurationList;
			buildConfigurations = (
				8666DA13283A45D1003A774C /* Debug */,
				8666DA14283A45D1003A774C /* Release */,
			);
			defaultConfigurationIsVisible = 0;
			defaultConfigurationName = Release;
		};
		8666DA15283A45D1003A774C /* Build configuration list for PBXNativeTarget "Football" */ = {
			isa = XCConfigurationList;
			buildConfigurations = (
				8666DA16283A45D1003A774C /* Debug */,
				8666DA17283A45D1003A774C /* Release */,
			);
			defaultConfigurationIsVisible = 0;
			defaultConfigurationName = Release;
		};
		8666DA18283A45D1003A774C /* Build configuration list for PBXNativeTarget "FootballTests" */ = {
			isa = XCConfigurationList;
			buildConfigurations = (
				8666DA19283A45D1003A774C /* Debug */,
				8666DA1A283A45D1003A774C /* Release */,
			);
			defaultConfigurationIsVisible = 0;
			defaultConfigurationName = Release;
		};
		8666DA1B283A45D1003A774C /* Build configuration list for PBXNativeTarget "FootballUITests" */ = {
			isa = XCConfigurationList;
			buildConfigurations = (
				8666DA1C283A45D1003A774C /* Debug */,
				8666DA1D283A45D1003A774C /* Release */,
			);
			defaultConfigurationIsVisible = 0;
			defaultConfigurationName = Release;
		};
/* End XCConfigurationList section */

/* Begin XCSwiftPackageProductDependency section */
		86FC7291283CC8100058B5FF /* Core */ = {
			isa = XCSwiftPackageProductDependency;
			productName = Core;
		};
/* End XCSwiftPackageProductDependency section */
	};
	rootObject = 8666D9E3283A45CE003A774C /* Project object */;
}
